
Microsoft Visual Studio Solution File, Format Version 12.00
# Visual Studio 15
VisualStudioVersion = 15.0.27130.2026
MinimumVisualStudioVersion = 10.0.40219.1
Project("{9A19103F-16F7-4668-BE54-9A1E7A4F7556}") = "TwitchLib.Api", "TwitchLib.Api\TwitchLib.Api.csproj", "{878BA490-E720-4C25-9621-ED75F5A698DA}"
EndProject
Project("{FAE04EC0-301F-11D3-BF4B-00C04F79EFBC}") = "TwitchLib.Api.Test", "TwitchLib.Api.Test\TwitchLib.Api.Test.csproj", "{73F87B04-276A-463A-A33E-97416E0F232F}"
EndProject
Global
	GlobalSection(SolutionConfigurationPlatforms) = preSolution
		Debug|Any CPU = Debug|Any CPU
		Release|Any CPU = Release|Any CPU
	EndGlobalSection
	GlobalSection(ProjectConfigurationPlatforms) = postSolution
		{878BA490-E720-4C25-9621-ED75F5A698DA}.Debug|Any CPU.ActiveCfg = Debug|Any CPU
		{878BA490-E720-4C25-9621-ED75F5A698DA}.Debug|Any CPU.Build.0 = Debug|Any CPU
		{878BA490-E720-4C25-9621-ED75F5A698DA}.Release|Any CPU.ActiveCfg = Release|Any CPU
		{878BA490-E720-4C25-9621-ED75F5A698DA}.Release|Any CPU.Build.0 = Release|Any CPU
		{73F87B04-276A-463A-A33E-97416E0F232F}.Debug|Any CPU.ActiveCfg = Debug|Any CPU
		{73F87B04-276A-463A-A33E-97416E0F232F}.Debug|Any CPU.Build.0 = Debug|Any CPU
		{73F87B04-276A-463A-A33E-97416E0F232F}.Release|Any CPU.ActiveCfg = Release|Any CPU
		{73F87B04-276A-463A-A33E-97416E0F232F}.Release|Any CPU.Build.0 = Release|Any CPU
	EndGlobalSection
	GlobalSection(SolutionProperties) = preSolution
		HideSolutionNode = FALSE
	EndGlobalSection
	GlobalSection(ExtensibilityGlobals) = postSolution
		SolutionGuid = {DA3CB35A-DFBC-4E4B-BB3C-110B5D021A3A}
	EndGlobalSection
EndGlobal
