
Microsoft Visual Studio Solution File, Format Version 12.00
# Visual Studio 15
VisualStudioVersion = 15.0.27004.2005
MinimumVisualStudioVersion = 10.0.40219.1
Project("{9A19103F-16F7-4668-BE54-9A1E7A4F7556}") = "TwitchLib.Api", "..\TwitchLib\TwitchLib.Api\TwitchLib.Api.csproj", "{53895AC8-9A12-45C0-A436-9BFD2E6DEC9F}"
EndProject
Global
	GlobalSection(SolutionConfigurationPlatforms) = preSolution
		Debug|Any CPU = Debug|Any CPU
		Release|Any CPU = Release|Any CPU
	EndGlobalSection
	GlobalSection(ProjectConfigurationPlatforms) = postSolution
		{53895AC8-9A12-45C0-A436-9BFD2E6DEC9F}.Debug|Any CPU.ActiveCfg = Debug|Any CPU
		{53895AC8-9A12-45C0-A436-9BFD2E6DEC9F}.Debug|Any CPU.Build.0 = Debug|Any CPU
		{53895AC8-9A12-45C0-A436-9BFD2E6DEC9F}.Release|Any CPU.ActiveCfg = Release|Any CPU
		{53895AC8-9A12-45C0-A436-9BFD2E6DEC9F}.Release|Any CPU.Build.0 = Release|Any CPU
	EndGlobalSection
	GlobalSection(SolutionProperties) = preSolution
		HideSolutionNode = FALSE
	EndGlobalSection
	GlobalSection(ExtensibilityGlobals) = postSolution
		SolutionGuid = {BC7D8BC4-147C-4CF2-86E7-512996E6F84C}
	EndGlobalSection
EndGlobal
